
Microsoft Visual Studio Solution File, Format Version 12.00
# Visual Studio Version 17
VisualStudioVersion = 17.6.33815.320
MinimumVisualStudioVersion = 10.0.40219.1
Project("{FAE04EC0-301F-11D3-BF4B-00C04F79EFBC}") = "SMS.Core", "SMS.Core\SMS.Core.csproj", "{E02C8B76-E074-48CF-B64E-612DB9C1F464}"
EndProject
Project("{FAE04EC0-301F-11D3-BF4B-00C04F79EFBC}") = "SMS.Infrastructure", "SMS.Infrastructure\SMS.Infrastructure.csproj", "{4D90D4E6-7506-42E2-BB71-5F042C82E959}"
EndProject
Project("{FAE04EC0-301F-11D3-BF4B-00C04F79EFBC}") = "SMS.Application", "SMS.Application\SMS.Application.csproj", "{3BEE2509-10BB-437C-8604-42CF6D78B6B6}"
EndProject
Project("{FAE04EC0-301F-11D3-BF4B-00C04F79EFBC}") = "SMS.Api", "SMS.Api\SMS.Api.csproj", "{B170E25C-646B-48F0-9B28-651258321032}"
EndProject
Global
	GlobalSection(SolutionConfigurationPlatforms) = preSolution
		Debug|Any CPU = Debug|Any CPU
		Release|Any CPU = Release|Any CPU
	EndGlobalSection
	GlobalSection(ProjectConfigurationPlatforms) = postSolution
		{E02C8B76-E074-48CF-B64E-612DB9C1F464}.Debug|Any CPU.ActiveCfg = Debug|Any CPU
		{E02C8B76-E074-48CF-B64E-612DB9C1F464}.Debug|Any CPU.Build.0 = Debug|Any CPU
		{E02C8B76-E074-48CF-B64E-612DB9C1F464}.Release|Any CPU.ActiveCfg = Release|Any CPU
		{E02C8B76-E074-48CF-B64E-612DB9C1F464}.Release|Any CPU.Build.0 = Release|Any CPU
		{4D90D4E6-7506-42E2-BB71-5F042C82E959}.Debug|Any CPU.ActiveCfg = Debug|Any CPU
		{4D90D4E6-7506-42E2-BB71-5F042C82E959}.Debug|Any CPU.Build.0 = Debug|Any CPU
		{4D90D4E6-7506-42E2-BB71-5F042C82E959}.Release|Any CPU.ActiveCfg = Release|Any CPU
		{4D90D4E6-7506-42E2-BB71-5F042C82E959}.Release|Any CPU.Build.0 = Release|Any CPU
		{3BEE2509-10BB-437C-8604-42CF6D78B6B6}.Debug|Any CPU.ActiveCfg = Debug|Any CPU
		{3BEE2509-10BB-437C-8604-42CF6D78B6B6}.Debug|Any CPU.Build.0 = Debug|Any CPU
		{3BEE2509-10BB-437C-8604-42CF6D78B6B6}.Release|Any CPU.ActiveCfg = Release|Any CPU
		{3BEE2509-10BB-437C-8604-42CF6D78B6B6}.Release|Any CPU.Build.0 = Release|Any CPU
		{B170E25C-646B-48F0-9B28-651258321032}.Debug|Any CPU.ActiveCfg = Debug|Any CPU
		{B170E25C-646B-48F0-9B28-651258321032}.Debug|Any CPU.Build.0 = Debug|Any CPU
		{B170E25C-646B-48F0-9B28-651258321032}.Release|Any CPU.ActiveCfg = Release|Any CPU
		{B170E25C-646B-48F0-9B28-651258321032}.Release|Any CPU.Build.0 = Release|Any CPU
	EndGlobalSection
	GlobalSection(SolutionProperties) = preSolution
		HideSolutionNode = FALSE
	EndGlobalSection
	GlobalSection(ExtensibilityGlobals) = postSolution
		SolutionGuid = {77499CB3-2DBF-4590-AA74-AF9026180268}
	EndGlobalSection
EndGlobal
